
Microsoft Visual Studio Solution File, Format Version 12.00
# Visual Studio Version 17
VisualStudioVersion = 17.5.002.0
MinimumVisualStudioVersion = 10.0.40219.1
Project("{2150E333-8FDC-42A3-9474-1A3956D46DE8}") = "back", "back", "{4C0212C4-45B5-4CF1-AC08-8CCCFECCB483}"
EndProject
Project("{2150E333-8FDC-42A3-9474-1A3956D46DE8}") = "src", "src", "{2BBD0657-8799-40AF-8EAA-3901A02A6902}"
EndProject
Project("{9A19103F-16F7-4668-BE54-9A1E7A4F7556}") = "ProAtividade.API", "back\src\ProAtividade.API\ProAtividade.API.csproj", "{E8F4C5BF-C6E4-4D5B-A177-83FCA9DC1BB3}"
EndProject
Global
	GlobalSection(SolutionConfigurationPlatforms) = preSolution
		Debug|Any CPU = Debug|Any CPU
		Release|Any CPU = Release|Any CPU
	EndGlobalSection
	GlobalSection(ProjectConfigurationPlatforms) = postSolution
		{E8F4C5BF-C6E4-4D5B-A177-83FCA9DC1BB3}.Debug|Any CPU.ActiveCfg = Debug|Any CPU
		{E8F4C5BF-C6E4-4D5B-A177-83FCA9DC1BB3}.Debug|Any CPU.Build.0 = Debug|Any CPU
		{E8F4C5BF-C6E4-4D5B-A177-83FCA9DC1BB3}.Release|Any CPU.ActiveCfg = Release|Any CPU
		{E8F4C5BF-C6E4-4D5B-A177-83FCA9DC1BB3}.Release|Any CPU.Build.0 = Release|Any CPU
	EndGlobalSection
	GlobalSection(SolutionProperties) = preSolution
		HideSolutionNode = FALSE
	EndGlobalSection
	GlobalSection(NestedProjects) = preSolution
		{2BBD0657-8799-40AF-8EAA-3901A02A6902} = {4C0212C4-45B5-4CF1-AC08-8CCCFECCB483}
		{E8F4C5BF-C6E4-4D5B-A177-83FCA9DC1BB3} = {2BBD0657-8799-40AF-8EAA-3901A02A6902}
	EndGlobalSection
	GlobalSection(ExtensibilityGlobals) = postSolution
		SolutionGuid = {4EB6FFF0-5138-405D-9FF3-DE72C22A2C71}
	EndGlobalSection
EndGlobal
